{
  "nodes": {
    "nix-lib-extra": {
      "locked": {
        "lastModified": 1675382522,
        "narHash": "sha256-RjIpo5CUwsP1aEyF/Ub4T//5PAGyZszQKaMCvpNlzAQ=",
        "owner": "GustavoPeredo",
        "repo": "nix-lib-extra",
        "rev": "3983118333a5ccec1d434adaf00c6052c912bf16",
        "type": "github"
      },
      "original": {
        "owner": "GustavoPeredo",
        "repo": "nix-lib-extra",
        "type": "github"
      }
    },
    "nixpkgs": {
      "locked": {
        "lastModified": 1675309347,
        "narHash": "sha256-D3CQ6HRDT2m3XJlrzb5jKq4vNFR5xFTEFKC7iSjlFpM=",
        "owner": "NixOS",
        "repo": "nixpkgs",
        "rev": "006c3bd4dd2f5d1d2094047f307cbf9e2b73d9c5",
        "type": "github"
      },
      "original": {
        "owner": "NixOS",
        "ref": "nixpkgs-unstable",
        "repo": "nixpkgs",
        "type": "github"
      }
    },
    "root": {
      "inputs": {
        "nix-lib-extra": "nix-lib-extra",
        "nixpkgs": "nixpkgs"
      }
    }
  },
  "root": "root",
  "version": 7
}
