{
  "nodes": {
    "nix-lib-extra": {
      "inputs": {
        "nixpkgs": [
          "nixpkgs"
        ]
      },
      "locked": {
        "lastModified": 1675436557,
        "narHash": "sha256-RNGMBQ0YuFr8PCw4GMyqZjstl8XnZqgqcMkiRnDYazE=",
        "owner": "GustavoPeredo",
        "repo": "nix-lib-extra",
        "rev": "489f0ab1cb5053199a542b1bfba2214c5f7d204c",
        "type": "github"
      },
      "original": {
        "owner": "GustavoPeredo",
        "repo": "nix-lib-extra",
        "type": "github"
      }
    },
    "nixpkgs": {
      "locked": {
        "lastModified": 1675309347,
        "narHash": "sha256-D3CQ6HRDT2m3XJlrzb5jKq4vNFR5xFTEFKC7iSjlFpM=",
        "owner": "NixOS",
        "repo": "nixpkgs",
        "rev": "006c3bd4dd2f5d1d2094047f307cbf9e2b73d9c5",
        "type": "github"
      },
      "original": {
        "owner": "NixOS",
        "ref": "nixpkgs-unstable",
        "repo": "nixpkgs",
        "type": "github"
      }
    },
    "root": {
      "inputs": {
        "nix-lib-extra": "nix-lib-extra",
        "nixpkgs": "nixpkgs"
      }
    }
  },
  "root": "root",
  "version": 7
}
